[[package]]
category = "main"
description = "Universal Python binding for the LMDB 'Lightning' Database"
name = "lmdb"
optional = false
python-versions = "*"
version = "0.98"

[[package]]
category = "main"
description = "NumPy is the fundamental package for array computing with Python."
name = "numpy"
optional = false
python-versions = ">=3.5"
version = "1.17.4"

[metadata]
content-hash = "8d5c7d8ad68beceb7e4f3247da5f22cbf966e6db3ee3aa6ac1d4cbe478898d86"
python-versions = "^3.6"

[metadata.hashes]
lmdb = ["00ef17fe432088e979f004aa09d3dc741b998b86f67dde5d35a474b065b33789", "0625bc28bf0893e6000a83be7234f915ca078c32f9e73d8ae48b3508db7af708", "096e89ad61d64db4cececb0c230187eb74438437d367752f57a204b3d2eacd2c", "11f70bde9f502b2843f9cab12d2d81080e6e5eefe8871c3011be7428802c1bd8", "15aa0ba7d3f17b6842ab1547e1224d9f444529d01e1bf443cc7d3f35445a98f4", "2ef48435985687d9e3c248ca9f01fa7ce6716fb6bdcfbca5cba18939ba6a497d", "444d702430fcacb4d7e0e502e24fa62de05db45074171433a54c013ecf66dabd", "45db7b7da2e0b7122f0a140c9fb99cd6fd4bb734106b3e9390cf7caef0cb48ee", "6769750d08619d18e945e5cd16a129cc5fb1ac5a55a9745ed4f8cbebaed0895d", "7c4eb54e25234ea16b46b4baddc4020d63ad5697eb8fe07b18580fa8906bffd6", "a186308016c26d38858c86a895cbf6a538aeaf5249815646935da7b0fe922758", "a3428c5ef487c13e5d7305bcbbb978d6a6fe9c23c24974f77162dc2a7d3fc7fd", "baa501d3c20fb1475c99182ba57de25117c480539b12200b53208da2e7af6a1e", "bb48b89aa8d62145758992095b6b7c323815482364b684b8e3318a8a2c64eb16", "c002faf238ac765df5b18a0bed5a8dbeab36bf4bc2a7253899769ae615fd74df", "d79e352433f64dfe17236cf53bd8c68ebf4789473d6056d1aa73f02266448df9", "df2ac8fa4047afa38940b3f96db91764deb94fd8d275e639a02e779493724be4", "efec783301d893fc7fe059abf4737a08cfb07a3189f7bbfcce558b2bb9787d25", "f831ea263a3ebdbc66d5137c6f2e999d1aeaa8ea0d3256cf6cd56cf44f5af1be"]
numpy = ["0a7a1dd123aecc9f0076934288ceed7fd9a81ba3919f11a855a7887cbe82a02f", "0c0763787133dfeec19904c22c7e358b231c87ba3206b211652f8cbe1241deb6", "3d52298d0be333583739f1aec9026f3b09fdfe3ddf7c7028cb16d9d2af1cca7e", "43bb4b70585f1c2d153e45323a886839f98af8bfa810f7014b20be714c37c447", "475963c5b9e116c38ad7347e154e5651d05a2286d86455671f5b1eebba5feb76", "64874913367f18eb3013b16123c9fed113962e75d809fca5b78ebfbb73ed93ba", "683828e50c339fc9e68720396f2de14253992c495fdddef77a1e17de55f1decc", "6ca4000c4a6f95a78c33c7dadbb9495c10880be9c89316aa536eac359ab820ae", "75fd817b7061f6378e4659dd792c84c0b60533e867f83e0d1e52d5d8e53df88c", "7d81d784bdbed30137aca242ab307f3e65c8d93f4c7b7d8f322110b2e90177f9", "8d0af8d3664f142414fd5b15cabfd3b6cc3ef242a3c7a7493257025be5a6955f", "9679831005fb16c6df3dd35d17aa31dc0d4d7573d84f0b44cc481490a65c7725", "a8f67ebfae9f575d85fa859b54d3bdecaeece74e3274b0b5c5f804d7ca789fe1", "acbf5c52db4adb366c064d0b7c7899e3e778d89db585feadd23b06b587d64761", "ada4805ed51f5bcaa3a06d3dd94939351869c095e30a2b54264f5a5004b52170", "c7354e8f0eca5c110b7e978034cd86ed98a7a5ffcf69ca97535445a595e07b8e", "e2e9d8c87120ba2c591f60e32736b82b67f72c37ba88a4c23c81b5b8fa49c018", "e467c57121fe1b78a8f68dd9255fbb3bb3f4f7547c6b9e109f31d14569f490c3", "ede47b98de79565fcd7f2decb475e2dcc85ee4097743e551fe26cfc7eb3ff143", "f58913e9227400f1395c7b800503ebfdb0772f1c33ff8cb4d6451c06cabdf316", "fe39f5fd4103ec4ca3cb8600b19216cd1ff316b4990f4c0b6057ad982c0a34d5"]
